
Microsoft Visual Studio Solution File, Format Version 12.00
# Visual Studio Version 16
VisualStudioVersion = 16.0.32901.82
MinimumVisualStudioVersion = 10.0.40219.1
Project("{8BC9CEB8-8B4A-11D0-8D11-00A0C91BC942}") = "Lab1", "CiAOD\CiAOD.vcxproj", "{2AC94140-EA21-43FC-9C2C-FAABD29CE734}"
EndProject
Project("{8BC9CEB8-8B4A-11D0-8D11-00A0C91BC942}") = "Lab2", "Lab2\Lab2.vcxproj", "{E8ECCFDE-872E-4DC9-A43E-D2D665B265F2}"
EndProject
Project("{8BC9CEB8-8B4A-11D0-8D11-00A0C91BC942}") = "Lab_2", "Lab_2\Lab_2.vcxproj", "{5EFAC767-AD84-400B-95F7-F5EDE1FD267A}"
EndProject
Project("{8BC9CEB8-8B4A-11D0-8D11-00A0C91BC942}") = "Lab3", "Lab3\Lab3.vcxproj", "{E9B33953-CA4A-4493-B277-3F1735BB429B}"
EndProject
Global
	GlobalSection(SolutionConfigurationPlatforms) = preSolution
		Debug|x64 = Debug|x64
		Debug|x86 = Debug|x86
		Release|x64 = Release|x64
		Release|x86 = Release|x86
	EndGlobalSection
	GlobalSection(ProjectConfigurationPlatforms) = postSolution
		{2AC94140-EA21-43FC-9C2C-FAABD29CE734}.Debug|x64.ActiveCfg = Debug|x64
		{2AC94140-EA21-43FC-9C2C-FAABD29CE734}.Debug|x64.Build.0 = Debug|x64
		{2AC94140-EA21-43FC-9C2C-FAABD29CE734}.Debug|x86.ActiveCfg = Debug|Win32
		{2AC94140-EA21-43FC-9C2C-FAABD29CE734}.Debug|x86.Build.0 = Debug|Win32
		{2AC94140-EA21-43FC-9C2C-FAABD29CE734}.Release|x64.ActiveCfg = Release|x64
		{2AC94140-EA21-43FC-9C2C-FAABD29CE734}.Release|x64.Build.0 = Release|x64
		{2AC94140-EA21-43FC-9C2C-FAABD29CE734}.Release|x86.ActiveCfg = Release|Win32
		{2AC94140-EA21-43FC-9C2C-FAABD29CE734}.Release|x86.Build.0 = Release|Win32
		{E8ECCFDE-872E-4DC9-A43E-D2D665B265F2}.Debug|x64.ActiveCfg = Debug|x64
		{E8ECCFDE-872E-4DC9-A43E-D2D665B265F2}.Debug|x64.Build.0 = Debug|x64
		{E8ECCFDE-872E-4DC9-A43E-D2D665B265F2}.Debug|x86.ActiveCfg = Debug|Win32
		{E8ECCFDE-872E-4DC9-A43E-D2D665B265F2}.Debug|x86.Build.0 = Debug|Win32
		{E8ECCFDE-872E-4DC9-A43E-D2D665B265F2}.Release|x64.ActiveCfg = Release|x64
		{E8ECCFDE-872E-4DC9-A43E-D2D665B265F2}.Release|x64.Build.0 = Release|x64
		{E8ECCFDE-872E-4DC9-A43E-D2D665B265F2}.Release|x86.ActiveCfg = Release|Win32
		{E8ECCFDE-872E-4DC9-A43E-D2D665B265F2}.Release|x86.Build.0 = Release|Win32
		{5EFAC767-AD84-400B-95F7-F5EDE1FD267A}.Debug|x64.ActiveCfg = Debug|x64
		{5EFAC767-AD84-400B-95F7-F5EDE1FD267A}.Debug|x64.Build.0 = Debug|x64
		{5EFAC767-AD84-400B-95F7-F5EDE1FD267A}.Debug|x86.ActiveCfg = Debug|Win32
		{5EFAC767-AD84-400B-95F7-F5EDE1FD267A}.Debug|x86.Build.0 = Debug|Win32
		{5EFAC767-AD84-400B-95F7-F5EDE1FD267A}.Release|x64.ActiveCfg = Release|x64
		{5EFAC767-AD84-400B-95F7-F5EDE1FD267A}.Release|x64.Build.0 = Release|x64
		{5EFAC767-AD84-400B-95F7-F5EDE1FD267A}.Release|x86.ActiveCfg = Release|Win32
		{5EFAC767-AD84-400B-95F7-F5EDE1FD267A}.Release|x86.Build.0 = Release|Win32
		{E9B33953-CA4A-4493-B277-3F1735BB429B}.Debug|x64.ActiveCfg = Debug|x64
		{E9B33953-CA4A-4493-B277-3F1735BB429B}.Debug|x64.Build.0 = Debug|x64
		{E9B33953-CA4A-4493-B277-3F1735BB429B}.Debug|x86.ActiveCfg = Debug|Win32
		{E9B33953-CA4A-4493-B277-3F1735BB429B}.Debug|x86.Build.0 = Debug|Win32
		{E9B33953-CA4A-4493-B277-3F1735BB429B}.Release|x64.ActiveCfg = Release|x64
		{E9B33953-CA4A-4493-B277-3F1735BB429B}.Release|x64.Build.0 = Release|x64
		{E9B33953-CA4A-4493-B277-3F1735BB429B}.Release|x86.ActiveCfg = Release|Win32
		{E9B33953-CA4A-4493-B277-3F1735BB429B}.Release|x86.Build.0 = Release|Win32
	EndGlobalSection
	GlobalSection(SolutionProperties) = preSolution
		HideSolutionNode = FALSE
	EndGlobalSection
	GlobalSection(ExtensibilityGlobals) = postSolution
		SolutionGuid = {32757ACF-7360-4825-9A11-04316E3D02DC}
	EndGlobalSection
EndGlobal
